
Microsoft Visual Studio Solution File, Format Version 12.00
# Visual Studio Version 16
VisualStudioVersion = 16.0.30114.105
MinimumVisualStudioVersion = 10.0.40219.1
Project("{FAE04EC0-301F-11D3-BF4B-00C04F79EFBC}") = "ITMO.Labs.WinForms.07Asynchronous.Task1", "ITMO.Labs.WinForms.07Asynchronous.Task1\ITMO.Labs.WinForms.07Asynchronous.Task1.csproj", "{99F794B2-186E-43E9-974B-132345433711}"
EndProject
Project("{FAE04EC0-301F-11D3-BF4B-00C04F79EFBC}") = "ITMO.Labs.WinForms.07Asynchronous.Task2", "ITMO.Labs.WinForms.07Asynchronous.Task2\ITMO.Labs.WinForms.07Asynchronous.Task2.csproj", "{E90A1347-47E0-4461-BE47-704A049B5543}"
EndProject
Project("{FAE04EC0-301F-11D3-BF4B-00C04F79EFBC}") = "ITMO.Labs.WinForms.07Asynchronous.Task3", "ITMO.Labs.WinForms.07Asynchronous.Task3\ITMO.Labs.WinForms.07Asynchronous.Task3.csproj", "{C8FB3DA6-B72B-4EEF-BD1C-BF05DA979EEF}"
EndProject
Global
	GlobalSection(SolutionConfigurationPlatforms) = preSolution
		Debug|Any CPU = Debug|Any CPU
		Release|Any CPU = Release|Any CPU
	EndGlobalSection
	GlobalSection(ProjectConfigurationPlatforms) = postSolution
		{99F794B2-186E-43E9-974B-132345433711}.Debug|Any CPU.ActiveCfg = Debug|Any CPU
		{99F794B2-186E-43E9-974B-132345433711}.Debug|Any CPU.Build.0 = Debug|Any CPU
		{99F794B2-186E-43E9-974B-132345433711}.Release|Any CPU.ActiveCfg = Release|Any CPU
		{99F794B2-186E-43E9-974B-132345433711}.Release|Any CPU.Build.0 = Release|Any CPU
		{E90A1347-47E0-4461-BE47-704A049B5543}.Debug|Any CPU.ActiveCfg = Debug|Any CPU
		{E90A1347-47E0-4461-BE47-704A049B5543}.Debug|Any CPU.Build.0 = Debug|Any CPU
		{E90A1347-47E0-4461-BE47-704A049B5543}.Release|Any CPU.ActiveCfg = Release|Any CPU
		{E90A1347-47E0-4461-BE47-704A049B5543}.Release|Any CPU.Build.0 = Release|Any CPU
		{C8FB3DA6-B72B-4EEF-BD1C-BF05DA979EEF}.Debug|Any CPU.ActiveCfg = Debug|Any CPU
		{C8FB3DA6-B72B-4EEF-BD1C-BF05DA979EEF}.Debug|Any CPU.Build.0 = Debug|Any CPU
		{C8FB3DA6-B72B-4EEF-BD1C-BF05DA979EEF}.Release|Any CPU.ActiveCfg = Release|Any CPU
		{C8FB3DA6-B72B-4EEF-BD1C-BF05DA979EEF}.Release|Any CPU.Build.0 = Release|Any CPU
	EndGlobalSection
	GlobalSection(SolutionProperties) = preSolution
		HideSolutionNode = FALSE
	EndGlobalSection
	GlobalSection(ExtensibilityGlobals) = postSolution
		SolutionGuid = {D63498B7-AF03-4DA1-BBE1-A0A6A170AE04}
	EndGlobalSection
EndGlobal
