
Microsoft Visual Studio Solution File, Format Version 12.00
# Visual Studio Version 16
VisualStudioVersion = 16.0.30114.105
MinimumVisualStudioVersion = 10.0.40219.1
Project("{FAE04EC0-301F-11D3-BF4B-00C04F79EFBC}") = "ITMO.Labs.WinForms.03CreatingControls.Task1", "ITMO.Labs.WinForms.03CreatingControls.Task1\ITMO.Labs.WinForms.03CreatingControls.Task1.csproj", "{5964DFD4-F169-4487-BC52-DC68E7AA9133}"
EndProject
Project("{FAE04EC0-301F-11D3-BF4B-00C04F79EFBC}") = "CompositeControlsLib", "CompositeControlsLib\CompositeControlsLib.csproj", "{5538A0FB-06DD-4981-9945-CA6ACBC37BC5}"
EndProject
Project("{FAE04EC0-301F-11D3-BF4B-00C04F79EFBC}") = "ITMO.Labs.WinForms.03CreatingControls.Task2", "ITMO.Labs.WinForms.03CreatingControls.Task2\ITMO.Labs.WinForms.03CreatingControls.Task2.csproj", "{38E24EC7-D990-483E-B19C-C4F64DAC6CF7}"
EndProject
Project("{FAE04EC0-301F-11D3-BF4B-00C04F79EFBC}") = "ITMO.Labs.WinForms.03CreatingControls.Task3", "ITMO.Labs.WinForms.03CreatingControls.Task3\ITMO.Labs.WinForms.03CreatingControls.Task3.csproj", "{A8F2F89E-21C3-4553-9E8F-DDAAAF67F448}"
EndProject
Global
	GlobalSection(SolutionConfigurationPlatforms) = preSolution
		Debug|Any CPU = Debug|Any CPU
		Release|Any CPU = Release|Any CPU
	EndGlobalSection
	GlobalSection(ProjectConfigurationPlatforms) = postSolution
		{5964DFD4-F169-4487-BC52-DC68E7AA9133}.Debug|Any CPU.ActiveCfg = Debug|Any CPU
		{5964DFD4-F169-4487-BC52-DC68E7AA9133}.Debug|Any CPU.Build.0 = Debug|Any CPU
		{5964DFD4-F169-4487-BC52-DC68E7AA9133}.Release|Any CPU.ActiveCfg = Release|Any CPU
		{5964DFD4-F169-4487-BC52-DC68E7AA9133}.Release|Any CPU.Build.0 = Release|Any CPU
		{5538A0FB-06DD-4981-9945-CA6ACBC37BC5}.Debug|Any CPU.ActiveCfg = Debug|Any CPU
		{5538A0FB-06DD-4981-9945-CA6ACBC37BC5}.Debug|Any CPU.Build.0 = Debug|Any CPU
		{5538A0FB-06DD-4981-9945-CA6ACBC37BC5}.Release|Any CPU.ActiveCfg = Release|Any CPU
		{5538A0FB-06DD-4981-9945-CA6ACBC37BC5}.Release|Any CPU.Build.0 = Release|Any CPU
		{38E24EC7-D990-483E-B19C-C4F64DAC6CF7}.Debug|Any CPU.ActiveCfg = Debug|Any CPU
		{38E24EC7-D990-483E-B19C-C4F64DAC6CF7}.Debug|Any CPU.Build.0 = Debug|Any CPU
		{38E24EC7-D990-483E-B19C-C4F64DAC6CF7}.Release|Any CPU.ActiveCfg = Release|Any CPU
		{38E24EC7-D990-483E-B19C-C4F64DAC6CF7}.Release|Any CPU.Build.0 = Release|Any CPU
		{A8F2F89E-21C3-4553-9E8F-DDAAAF67F448}.Debug|Any CPU.ActiveCfg = Debug|Any CPU
		{A8F2F89E-21C3-4553-9E8F-DDAAAF67F448}.Debug|Any CPU.Build.0 = Debug|Any CPU
		{A8F2F89E-21C3-4553-9E8F-DDAAAF67F448}.Release|Any CPU.ActiveCfg = Release|Any CPU
		{A8F2F89E-21C3-4553-9E8F-DDAAAF67F448}.Release|Any CPU.Build.0 = Release|Any CPU
	EndGlobalSection
	GlobalSection(SolutionProperties) = preSolution
		HideSolutionNode = FALSE
	EndGlobalSection
	GlobalSection(ExtensibilityGlobals) = postSolution
		SolutionGuid = {F46E6F7C-6704-4D6F-864F-5886D98892D3}
	EndGlobalSection
EndGlobal
