
Microsoft Visual Studio Solution File, Format Version 12.00
# Visual Studio Version 16
VisualStudioVersion = 16.0.30225.117
MinimumVisualStudioVersion = 10.0.40219.1
Project("{FAE04EC0-301F-11D3-BF4B-00C04F79EFBC}") = "WorkingDataTable", "WorkingDataTable\WorkingDataTable.csproj", "{DDDFAB74-CF5B-4AC9-BDFA-2ADCE88008DE}"
EndProject
Global
	GlobalSection(SolutionConfigurationPlatforms) = preSolution
		Debug|Any CPU = Debug|Any CPU
		Release|Any CPU = Release|Any CPU
	EndGlobalSection
	GlobalSection(ProjectConfigurationPlatforms) = postSolution
		{DDDFAB74-CF5B-4AC9-BDFA-2ADCE88008DE}.Debug|Any CPU.ActiveCfg = Debug|Any CPU
		{DDDFAB74-CF5B-4AC9-BDFA-2ADCE88008DE}.Debug|Any CPU.Build.0 = Debug|Any CPU
		{DDDFAB74-CF5B-4AC9-BDFA-2ADCE88008DE}.Release|Any CPU.ActiveCfg = Release|Any CPU
		{DDDFAB74-CF5B-4AC9-BDFA-2ADCE88008DE}.Release|Any CPU.Build.0 = Release|Any CPU
	EndGlobalSection
	GlobalSection(SolutionProperties) = preSolution
		HideSolutionNode = FALSE
	EndGlobalSection
	GlobalSection(ExtensibilityGlobals) = postSolution
		SolutionGuid = {04FE1D5A-F5AB-474A-B89A-F602811869C9}
	EndGlobalSection
EndGlobal
