
Microsoft Visual Studio Solution File, Format Version 12.00
# Visual Studio Version 16
VisualStudioVersion = 16.0.30225.117
MinimumVisualStudioVersion = 10.0.40219.1
Project("{FAE04EC0-301F-11D3-BF4B-00C04F79EFBC}") = "DBCommand", "DBCommand\DBCommand.csproj", "{B1479922-121F-461C-AF9E-EA11EBAE4755}"
EndProject
Global
	GlobalSection(SolutionConfigurationPlatforms) = preSolution
		Debug|Any CPU = Debug|Any CPU
		Release|Any CPU = Release|Any CPU
	EndGlobalSection
	GlobalSection(ProjectConfigurationPlatforms) = postSolution
		{B1479922-121F-461C-AF9E-EA11EBAE4755}.Debug|Any CPU.ActiveCfg = Debug|Any CPU
		{B1479922-121F-461C-AF9E-EA11EBAE4755}.Debug|Any CPU.Build.0 = Debug|Any CPU
		{B1479922-121F-461C-AF9E-EA11EBAE4755}.Release|Any CPU.ActiveCfg = Release|Any CPU
		{B1479922-121F-461C-AF9E-EA11EBAE4755}.Release|Any CPU.Build.0 = Release|Any CPU
	EndGlobalSection
	GlobalSection(SolutionProperties) = preSolution
		HideSolutionNode = FALSE
	EndGlobalSection
	GlobalSection(ExtensibilityGlobals) = postSolution
		SolutionGuid = {5D3BDA89-A300-4B0F-8359-E32E0ABE3E05}
	EndGlobalSection
EndGlobal
