
Microsoft Visual Studio Solution File, Format Version 12.00
# Visual Studio Version 16
VisualStudioVersion = 16.0.30225.117
MinimumVisualStudioVersion = 10.0.40219.1
Project("{FAE04EC0-301F-11D3-BF4B-00C04F79EFBC}") = "CreatingDataTable", "CreatingDataTable\CreatingDataTable.csproj", "{0B1F8B8C-5ACB-418D-9B8E-2DEABEC378A7}"
EndProject
Global
	GlobalSection(SolutionConfigurationPlatforms) = preSolution
		Debug|Any CPU = Debug|Any CPU
		Release|Any CPU = Release|Any CPU
	EndGlobalSection
	GlobalSection(ProjectConfigurationPlatforms) = postSolution
		{0B1F8B8C-5ACB-418D-9B8E-2DEABEC378A7}.Debug|Any CPU.ActiveCfg = Debug|Any CPU
		{0B1F8B8C-5ACB-418D-9B8E-2DEABEC378A7}.Debug|Any CPU.Build.0 = Debug|Any CPU
		{0B1F8B8C-5ACB-418D-9B8E-2DEABEC378A7}.Release|Any CPU.ActiveCfg = Release|Any CPU
		{0B1F8B8C-5ACB-418D-9B8E-2DEABEC378A7}.Release|Any CPU.Build.0 = Release|Any CPU
	EndGlobalSection
	GlobalSection(SolutionProperties) = preSolution
		HideSolutionNode = FALSE
	EndGlobalSection
	GlobalSection(ExtensibilityGlobals) = postSolution
		SolutionGuid = {FA87B511-7C94-4FB4-AA00-0FE84FCD6A01}
	EndGlobalSection
EndGlobal
