
Microsoft Visual Studio Solution File, Format Version 12.00
# Visual Studio Version 16
VisualStudioVersion = 16.0.30225.117
MinimumVisualStudioVersion = 10.0.40219.1
Project("{FAE04EC0-301F-11D3-BF4B-00C04F79EFBC}") = "LoadDataSetXml", "LoadDataSetXml\LoadDataSetXml.csproj", "{30072D11-DF2F-4876-8B26-F1F8E10454B7}"
EndProject
Global
	GlobalSection(SolutionConfigurationPlatforms) = preSolution
		Debug|Any CPU = Debug|Any CPU
		Release|Any CPU = Release|Any CPU
	EndGlobalSection
	GlobalSection(ProjectConfigurationPlatforms) = postSolution
		{30072D11-DF2F-4876-8B26-F1F8E10454B7}.Debug|Any CPU.ActiveCfg = Debug|Any CPU
		{30072D11-DF2F-4876-8B26-F1F8E10454B7}.Debug|Any CPU.Build.0 = Debug|Any CPU
		{30072D11-DF2F-4876-8B26-F1F8E10454B7}.Release|Any CPU.ActiveCfg = Release|Any CPU
		{30072D11-DF2F-4876-8B26-F1F8E10454B7}.Release|Any CPU.Build.0 = Release|Any CPU
	EndGlobalSection
	GlobalSection(SolutionProperties) = preSolution
		HideSolutionNode = FALSE
	EndGlobalSection
	GlobalSection(ExtensibilityGlobals) = postSolution
		SolutionGuid = {6E80A74A-7FA1-4F81-BE83-C1FA805AD8A8}
	EndGlobalSection
EndGlobal
