
Microsoft Visual Studio Solution File, Format Version 12.00
# Visual Studio Version 16
VisualStudioVersion = 16.0.30717.126
MinimumVisualStudioVersion = 10.0.40219.1
Project("{8BC9CEB8-8B4A-11D0-8D11-00A0C91BC942}") = "Lab08_Test", "Lab08_Test\Lab08_Test.vcxproj", "{15D0A69F-1A2C-4596-852E-C1ACD058B583}"
EndProject
Global
	GlobalSection(SolutionConfigurationPlatforms) = preSolution
		Debug|x64 = Debug|x64
		Debug|x86 = Debug|x86
		Release|x64 = Release|x64
		Release|x86 = Release|x86
	EndGlobalSection
	GlobalSection(ProjectConfigurationPlatforms) = postSolution
		{15D0A69F-1A2C-4596-852E-C1ACD058B583}.Debug|x64.ActiveCfg = Debug|x64
		{15D0A69F-1A2C-4596-852E-C1ACD058B583}.Debug|x64.Build.0 = Debug|x64
		{15D0A69F-1A2C-4596-852E-C1ACD058B583}.Debug|x86.ActiveCfg = Debug|Win32
		{15D0A69F-1A2C-4596-852E-C1ACD058B583}.Debug|x86.Build.0 = Debug|Win32
		{15D0A69F-1A2C-4596-852E-C1ACD058B583}.Release|x64.ActiveCfg = Release|x64
		{15D0A69F-1A2C-4596-852E-C1ACD058B583}.Release|x64.Build.0 = Release|x64
		{15D0A69F-1A2C-4596-852E-C1ACD058B583}.Release|x86.ActiveCfg = Release|Win32
		{15D0A69F-1A2C-4596-852E-C1ACD058B583}.Release|x86.Build.0 = Release|Win32
	EndGlobalSection
	GlobalSection(SolutionProperties) = preSolution
		HideSolutionNode = FALSE
	EndGlobalSection
	GlobalSection(ExtensibilityGlobals) = postSolution
		SolutionGuid = {AE197BE1-440F-41CD-8ADF-56E0A477BE39}
	EndGlobalSection
EndGlobal
