
Microsoft Visual Studio Solution File, Format Version 12.00
# Visual Studio Version 16
VisualStudioVersion = 16.0.30114.105
MinimumVisualStudioVersion = 10.0.40219.1
Project("{FAE04EC0-301F-11D3-BF4B-00C04F79EFBC}") = "Linq_Student", "Linq_Student\Linq_Student.csproj", "{106B861F-C312-462F-959F-9D6BBB960D22}"
EndProject
Global
	GlobalSection(SolutionConfigurationPlatforms) = preSolution
		Debug|Any CPU = Debug|Any CPU
		Release|Any CPU = Release|Any CPU
	EndGlobalSection
	GlobalSection(ProjectConfigurationPlatforms) = postSolution
		{106B861F-C312-462F-959F-9D6BBB960D22}.Debug|Any CPU.ActiveCfg = Debug|Any CPU
		{106B861F-C312-462F-959F-9D6BBB960D22}.Debug|Any CPU.Build.0 = Debug|Any CPU
		{106B861F-C312-462F-959F-9D6BBB960D22}.Release|Any CPU.ActiveCfg = Release|Any CPU
		{106B861F-C312-462F-959F-9D6BBB960D22}.Release|Any CPU.Build.0 = Release|Any CPU
	EndGlobalSection
	GlobalSection(SolutionProperties) = preSolution
		HideSolutionNode = FALSE
	EndGlobalSection
	GlobalSection(ExtensibilityGlobals) = postSolution
		SolutionGuid = {D75E7EF5-4BA0-42C3-B793-27E1C0785E94}
	EndGlobalSection
EndGlobal
